SITE
  remote: http://community.opscode.com/api/v1
  specs:
    apache2 (1.6.6)
    build-essential (1.4.0)
    chef_handler (1.1.4)
    cron (1.2.4)
    dmg (1.1.0)
    passenger_apache2 (2.0.2)
      apache2 (>= 1.0.4)
      build-essential (>= 0.0.0)
    runit (1.1.6)
      build-essential (>= 0.0.0)
      yum (>= 0.0.0)
    unicorn (1.3.0)
    windows (1.10.0)
      chef_handler (>= 0.0.0)
    yum (2.3.0)

GIT
  remote: https://github.com/flaccid/application_ruby
  ref: master
  sha: 4323f32a0e85a3aa752e6464d60f697e693bbef8
  specs:
    application_ruby (1.1.5)
      apache2 (>= 0.0.0)
      application (>= 0.0.0)
      passenger_apache2 (>= 0.0.0)
      runit (~> 1.0)
      unicorn (>= 0.0.0)

GIT
  remote: https://github.com/flaccid/cookbooks
  path: cookbooks/rails_app
  ref: master
  sha: 0e3a414287af56d77abf614b11e3b03266a9fbfb
  specs:
    rails_app (0.1.0)
      application_ruby (>= 0.0.0)
      git (>= 0.0.0)
      runit (>= 0.0.0)

GIT
  remote: https://github.com/flaccid/cookbooks
  path: cookbooks/system
  ref: master
  sha: ae99a1f4c56cca4e9481211beb4f9dac588f691f
  specs:
    system (0.0.1)
      cron (>= 0.0.0)

GIT
  remote: https://github.com/opscode-cookbooks/application
  ref: master
  sha: 7772487d154292940801cf62646b3b4a119bd503
  specs:
    application (2.0.5)

GIT
  remote: https://github.com/opscode-cookbooks/apt
  ref: master
  sha: d21e2f6c409105f7fa939fa1ee382c282749888a
  specs:
    apt (2.0.1)

GIT
  remote: https://github.com/opscode-cookbooks/git
  ref: master
  sha: 4d6e938b25bbd35869f9841098b663f6d38ea540
  specs:
    git (2.5.3)
      build-essential (>= 0.0.0)
      dmg (>= 0.0.0)
      runit (>= 1.0)
      windows (>= 0.0.0)
      yum (>= 0.0.0)

DEPENDENCIES
  application (>= 0)
  application_ruby (>= 0)
  apt (>= 0)
  git (>= 0)
  rails_app (>= 0)
  system (>= 0)

